
Microsoft Visual Studio Solution File, Format Version 12.00
# Visual Studio Version 16
VisualStudioVersion = 16.0.28917.181
MinimumVisualStudioVersion = 10.0.40219.1
Project("{FAE04EC0-301F-11D3-BF4B-00C04F79EFBC}") = "Jobportal", "Jobportal\Jobportal.csproj", "{0211113D-15D9-4C69-8EBE-B2C5A82F9C80}"
EndProject
Global
	GlobalSection(SolutionConfigurationPlatforms) = preSolution
		Debug|Any CPU = Debug|Any CPU
		Release|Any CPU = Release|Any CPU
	EndGlobalSection
	GlobalSection(ProjectConfigurationPlatforms) = postSolution
		{0211113D-15D9-4C69-8EBE-B2C5A82F9C80}.Debug|Any CPU.ActiveCfg = Debug|Any CPU
		{0211113D-15D9-4C69-8EBE-B2C5A82F9C80}.Debug|Any CPU.Build.0 = Debug|Any CPU
		{0211113D-15D9-4C69-8EBE-B2C5A82F9C80}.Release|Any CPU.ActiveCfg = Release|Any CPU
		{0211113D-15D9-4C69-8EBE-B2C5A82F9C80}.Release|Any CPU.Build.0 = Release|Any CPU
	EndGlobalSection
	GlobalSection(SolutionProperties) = preSolution
		HideSolutionNode = FALSE
	EndGlobalSection
	GlobalSection(ExtensibilityGlobals) = postSolution
		SolutionGuid = {8B0137F5-EFED-40B5-B557-427941F30895}
	EndGlobalSection
EndGlobal
